
Microsoft Visual Studio Solution File, Format Version 12.00
# Visual Studio Version 17
VisualStudioVersion = 17.7.34024.191
MinimumVisualStudioVersion = 10.0.40219.1
Project("{2150E333-8FDC-42A3-9474-1A3956D46DE8}") = "1.CapaAccesoDatos", "1.CapaAccesoDatos", "{EEF4EE90-0EBD-4DE8-9DC0-F5F0B2E68E6E}"
EndProject
Project("{2150E333-8FDC-42A3-9474-1A3956D46DE8}") = "2.CapaLogicaNegocio", "2.CapaLogicaNegocio", "{56409019-7C11-4BAC-81D3-DD6D892A4CA4}"
EndProject
Project("{2150E333-8FDC-42A3-9474-1A3956D46DE8}") = "3.CapaPresentacion", "3.CapaPresentacion", "{1D2F14B3-01DD-4FB8-B48A-AA93E62CC0DB}"
EndProject
Project("{FAE04EC0-301F-11D3-BF4B-00C04F79EFBC}") = "accesoDatos", "accesoDatos\accesoDatos.csproj", "{8FF1FDF9-479A-45B4-8454-E6DDF3E77E99}"
EndProject
Project("{FAE04EC0-301F-11D3-BF4B-00C04F79EFBC}") = "logicaNegocio", "logicaNegocio\logicaNegocio.csproj", "{8445B4AD-64E0-4412-8BB4-47475B01701A}"
EndProject
Project("{FAE04EC0-301F-11D3-BF4B-00C04F79EFBC}") = "proyecto", "proyecto\proyecto.csproj", "{2BDAF50F-849B-428C-A6EB-BF1EF7C0F82F}"
EndProject
Project("{2150E333-8FDC-42A3-9474-1A3956D46DE8}") = "4.Entidades", "4.Entidades", "{4EE07798-F983-45BB-AC49-E2BC2EB2C16E}"
EndProject
Project("{FAE04EC0-301F-11D3-BF4B-00C04F79EFBC}") = "entidades", "entidades\entidades.csproj", "{9F195697-603D-4518-A506-DDE408FEE000}"
EndProject
Global
	GlobalSection(SolutionConfigurationPlatforms) = preSolution
		Debug|Any CPU = Debug|Any CPU
		Release|Any CPU = Release|Any CPU
	EndGlobalSection
	GlobalSection(ProjectConfigurationPlatforms) = postSolution
		{8FF1FDF9-479A-45B4-8454-E6DDF3E77E99}.Debug|Any CPU.ActiveCfg = Debug|Any CPU
		{8FF1FDF9-479A-45B4-8454-E6DDF3E77E99}.Debug|Any CPU.Build.0 = Debug|Any CPU
		{8FF1FDF9-479A-45B4-8454-E6DDF3E77E99}.Release|Any CPU.ActiveCfg = Release|Any CPU
		{8FF1FDF9-479A-45B4-8454-E6DDF3E77E99}.Release|Any CPU.Build.0 = Release|Any CPU
		{8445B4AD-64E0-4412-8BB4-47475B01701A}.Debug|Any CPU.ActiveCfg = Debug|Any CPU
		{8445B4AD-64E0-4412-8BB4-47475B01701A}.Debug|Any CPU.Build.0 = Debug|Any CPU
		{8445B4AD-64E0-4412-8BB4-47475B01701A}.Release|Any CPU.ActiveCfg = Release|Any CPU
		{8445B4AD-64E0-4412-8BB4-47475B01701A}.Release|Any CPU.Build.0 = Release|Any CPU
		{2BDAF50F-849B-428C-A6EB-BF1EF7C0F82F}.Debug|Any CPU.ActiveCfg = Debug|Any CPU
		{2BDAF50F-849B-428C-A6EB-BF1EF7C0F82F}.Debug|Any CPU.Build.0 = Debug|Any CPU
		{2BDAF50F-849B-428C-A6EB-BF1EF7C0F82F}.Release|Any CPU.ActiveCfg = Release|Any CPU
		{2BDAF50F-849B-428C-A6EB-BF1EF7C0F82F}.Release|Any CPU.Build.0 = Release|Any CPU
		{9F195697-603D-4518-A506-DDE408FEE000}.Debug|Any CPU.ActiveCfg = Debug|Any CPU
		{9F195697-603D-4518-A506-DDE408FEE000}.Debug|Any CPU.Build.0 = Debug|Any CPU
		{9F195697-603D-4518-A506-DDE408FEE000}.Release|Any CPU.ActiveCfg = Release|Any CPU
		{9F195697-603D-4518-A506-DDE408FEE000}.Release|Any CPU.Build.0 = Release|Any CPU
	EndGlobalSection
	GlobalSection(SolutionProperties) = preSolution
		HideSolutionNode = FALSE
	EndGlobalSection
	GlobalSection(NestedProjects) = preSolution
		{8FF1FDF9-479A-45B4-8454-E6DDF3E77E99} = {EEF4EE90-0EBD-4DE8-9DC0-F5F0B2E68E6E}
		{8445B4AD-64E0-4412-8BB4-47475B01701A} = {56409019-7C11-4BAC-81D3-DD6D892A4CA4}
		{2BDAF50F-849B-428C-A6EB-BF1EF7C0F82F} = {1D2F14B3-01DD-4FB8-B48A-AA93E62CC0DB}
		{9F195697-603D-4518-A506-DDE408FEE000} = {4EE07798-F983-45BB-AC49-E2BC2EB2C16E}
	EndGlobalSection
	GlobalSection(ExtensibilityGlobals) = postSolution
		SolutionGuid = {BAC5BB61-70C5-4B50-B2A0-105B72507533}
	EndGlobalSection
EndGlobal
